
Microsoft Visual Studio Solution File, Format Version 12.00
# Visual Studio Version 17
VisualStudioVersion = 17.10.34928.147
MinimumVisualStudioVersion = 10.0.40219.1
Project("{FAE04EC0-301F-11D3-BF4B-00C04F79EFBC}") = "Semprg_DijkstraShortestPath", "Semprg_DijkstraShortestPath\Semprg_DijkstraShortestPath.csproj", "{F7E04336-01DC-4F6F-B7C7-957A5FE7C88C}"
EndProject
Project("{FAE04EC0-301F-11D3-BF4B-00C04F79EFBC}") = "Tests", "Tests\Tests.csproj", "{4075E8B5-87B4-48ED-ADCE-0EB793AA0842}"
EndProject
Global
	GlobalSection(SolutionConfigurationPlatforms) = preSolution
		Debug|Any CPU = Debug|Any CPU
		Release|Any CPU = Release|Any CPU
	EndGlobalSection
	GlobalSection(ProjectConfigurationPlatforms) = postSolution
		{F7E04336-01DC-4F6F-B7C7-957A5FE7C88C}.Debug|Any CPU.ActiveCfg = Debug|Any CPU
		{F7E04336-01DC-4F6F-B7C7-957A5FE7C88C}.Debug|Any CPU.Build.0 = Debug|Any CPU
		{F7E04336-01DC-4F6F-B7C7-957A5FE7C88C}.Release|Any CPU.ActiveCfg = Release|Any CPU
		{F7E04336-01DC-4F6F-B7C7-957A5FE7C88C}.Release|Any CPU.Build.0 = Release|Any CPU
		{4075E8B5-87B4-48ED-ADCE-0EB793AA0842}.Debug|Any CPU.ActiveCfg = Debug|Any CPU
		{4075E8B5-87B4-48ED-ADCE-0EB793AA0842}.Debug|Any CPU.Build.0 = Debug|Any CPU
		{4075E8B5-87B4-48ED-ADCE-0EB793AA0842}.Release|Any CPU.ActiveCfg = Release|Any CPU
		{4075E8B5-87B4-48ED-ADCE-0EB793AA0842}.Release|Any CPU.Build.0 = Release|Any CPU
	EndGlobalSection
	GlobalSection(SolutionProperties) = preSolution
		HideSolutionNode = FALSE
	EndGlobalSection
	GlobalSection(ExtensibilityGlobals) = postSolution
		SolutionGuid = {0F3F3124-BD49-4C5B-9ED6-CEA7FC7EEC28}
	EndGlobalSection
EndGlobal
